// !$*UTF8*$!
{
	archiveVersion = 1;
	classes = {
	};
	objectVersion = 48;
	objects = {

/* Begin PBXBuildFile section */
		830644CE201F16FC006ECCD5 /* AppDelegate.swift in Sources */ = {isa = PBXBuildFile; fileRef = 830644CD201F16FC006ECCD5 /* AppDelegate.swift */; };
		830644D3201F16FC006ECCD5 /* Main.storyboard in Resources */ = {isa = PBXBuildFile; fileRef = 830644D1201F16FC006ECCD5 /* Main.storyboard */; };
		830644D5201F16FC006ECCD5 /* Assets.xcassets in Resources */ = {isa = PBXBuildFile; fileRef = 830644D4201F16FC006ECCD5 /* Assets.xcassets */; };
		830644D8201F16FC006ECCD5 /* LaunchScreen.storyboard in Resources */ = {isa = PBXBuildFile; fileRef = 830644D6201F16FC006ECCD5 /* LaunchScreen.storyboard */; };
		830644E0201F25BB006ECCD5 /* SingInViewController.swift in Sources */ = {isa = PBXBuildFile; fileRef = 830644DF201F25BB006ECCD5 /* SingInViewController.swift */; };
		830644E2201F25C7006ECCD5 /* SingUpViewController.swift in Sources */ = {isa = PBXBuildFile; fileRef = 830644E1201F25C7006ECCD5 /* SingUpViewController.swift */; };
		831ABFEF2021985A0009A901 /* ChatViewController.swift in Sources */ = {isa = PBXBuildFile; fileRef = 831ABFEE2021985A0009A901 /* ChatViewController.swift */; };
		834481C6201F293F00309024 /* GoogleService-Info.plist in Resources */ = {isa = PBXBuildFile; fileRef = 834481C5201F293F00309024 /* GoogleService-Info.plist */; };
		834481CC201F727F00309024 /* UserListTableViewController.swift in Sources */ = {isa = PBXBuildFile; fileRef = 834481CB201F727F00309024 /* UserListTableViewController.swift */; };
		834481CE201F7C4900309024 /* UserChat.swift in Sources */ = {isa = PBXBuildFile; fileRef = 834481CD201F7C4900309024 /* UserChat.swift */; };
		835F426C20219B6B00183785 /* AuthenticationManager.swift in Sources */ = {isa = PBXBuildFile; fileRef = 835F426B20219B6B00183785 /* AuthenticationManager.swift */; };
		835F42722021B44B00183785 /* UserTableViewCell.swift in Sources */ = {isa = PBXBuildFile; fileRef = 835F42712021B44B00183785 /* UserTableViewCell.swift */; };
		83D908D0204D8C280099B6D8 /* Localizable.strings in Resources */ = {isa = PBXBuildFile; fileRef = 83D908D2204D8C280099B6D8 /* Localizable.strings */; };
		83DD049720234CBC00A2FBB8 /* Alert.swift in Sources */ = {isa = PBXBuildFile; fileRef = 83DD049620234CBC00A2FBB8 /* Alert.swift */; };
		83F6FE4420245AE900D4577B /* ViewController.swift in Sources */ = {isa = PBXBuildFile; fileRef = 83F6FE4320245AE900D4577B /* ViewController.swift */; };
		AC1029155B600B4AAB8EAA9D /* Pods_iMessages.framework in Frameworks */ = {isa = PBXBuildFile; fileRef = BD880D3B366CD09B0C70B657 /* Pods_iMessages.framework */; };
/* End PBXBuildFile section */

/* Begin PBXFileReference section */
		694E283C9C7271982ACFC015 /* Pods-iMessages.debug.xcconfig */ = {isa = PBXFileReference; includeInIndex = 1; lastKnownFileType = text.xcconfig; name = "Pods-iMessages.debug.xcconfig"; path = "Pods/Target Support Files/Pods-iMessages/Pods-iMessages.debug.xcconfig"; sourceTree = "<group>"; };
		830644CA201F16FC006ECCD5 /* iMessages.app */ = {isa = PBXFileReference; explicitFileType = wrapper.application; includeInIndex = 0; path = iMessages.app; sourceTree = BUILT_PRODUCTS_DIR; };
		830644CD201F16FC006ECCD5 /* AppDelegate.swift */ = {isa = PBXFileReference; lastKnownFileType = sourcecode.swift; path = AppDelegate.swift; sourceTree = "<group>"; };
		830644D2201F16FC006ECCD5 /* Base */ = {isa = PBXFileReference; lastKnownFileType = file.storyboard; name = Base; path = Base.lproj/Main.storyboard; sourceTree = "<group>"; };
		830644D4201F16FC006ECCD5 /* Assets.xcassets */ = {isa = PBXFileReference; lastKnownFileType = folder.assetcatalog; path = Assets.xcassets; sourceTree = "<group>"; };
		830644D7201F16FC006ECCD5 /* Base */ = {isa = PBXFileReference; lastKnownFileType = file.storyboard; name = Base; path = Base.lproj/LaunchScreen.storyboard; sourceTree = "<group>"; };
		830644D9201F16FC006ECCD5 /* Info.plist */ = {isa = PBXFileReference; lastKnownFileType = text.plist.xml; path = Info.plist; sourceTree = "<group>"; };
		830644DF201F25BB006ECCD5 /* SingInViewController.swift */ = {isa = PBXFileReference; lastKnownFileType = sourcecode.swift; path = SingInViewController.swift; sourceTree = "<group>"; };
		830644E1201F25C7006ECCD5 /* SingUpViewController.swift */ = {isa = PBXFileReference; lastKnownFileType = sourcecode.swift; path = SingUpViewController.swift; sourceTree = "<group>"; };
		831ABFEE2021985A0009A901 /* ChatViewController.swift */ = {isa = PBXFileReference; lastKnownFileType = sourcecode.swift; path = ChatViewController.swift; sourceTree = "<group>"; };
		834481C5201F293F00309024 /* GoogleService-Info.plist */ = {isa = PBXFileReference; fileEncoding = 4; lastKnownFileType = text.plist.xml; path = "GoogleService-Info.plist"; sourceTree = "<group>"; };
		834481CB201F727F00309024 /* UserListTableViewController.swift */ = {isa = PBXFileReference; lastKnownFileType = sourcecode.swift; path = UserListTableViewController.swift; sourceTree = "<group>"; };
		834481CD201F7C4900309024 /* UserChat.swift */ = {isa = PBXFileReference; lastKnownFileType = sourcecode.swift; path = UserChat.swift; sourceTree = "<group>"; };
		835F426B20219B6B00183785 /* AuthenticationManager.swift */ = {isa = PBXFileReference; lastKnownFileType = sourcecode.swift; path = AuthenticationManager.swift; sourceTree = "<group>"; };
		835F42712021B44B00183785 /* UserTableViewCell.swift */ = {isa = PBXFileReference; lastKnownFileType = sourcecode.swift; path = UserTableViewCell.swift; sourceTree = "<group>"; };
		836A3E6A204D7E8F008B04A9 /* ru */ = {isa = PBXFileReference; lastKnownFileType = text.plist.strings; name = ru; path = ru.lproj/Main.strings; sourceTree = "<group>"; };
		836A3E6B204D7E8F008B04A9 /* ru */ = {isa = PBXFileReference; lastKnownFileType = text.plist.strings; name = ru; path = ru.lproj/LaunchScreen.strings; sourceTree = "<group>"; };
		83D908D1204D8C280099B6D8 /* ru */ = {isa = PBXFileReference; lastKnownFileType = text.plist.strings; name = ru; path = ru.lproj/Localizable.strings; sourceTree = "<group>"; };
		83D908D3204D8C2B0099B6D8 /* en */ = {isa = PBXFileReference; lastKnownFileType = text.plist.strings; name = en; path = en.lproj/Localizable.strings; sourceTree = "<group>"; };
		83DD049620234CBC00A2FBB8 /* Alert.swift */ = {isa = PBXFileReference; lastKnownFileType = sourcecode.swift; path = Alert.swift; sourceTree = "<group>"; };
		83F6FE4320245AE900D4577B /* ViewController.swift */ = {isa = PBXFileReference; lastKnownFileType = sourcecode.swift; path = ViewController.swift; sourceTree = "<group>"; };
		BD880D3B366CD09B0C70B657 /* Pods_iMessages.framework */ = {isa = PBXFileReference; explicitFileType = wrapper.framework; includeInIndex = 0; path = Pods_iMessages.framework; sourceTree = BUILT_PRODUCTS_DIR; };
		C28499873DE8B02C3A134980 /* Pods-iMessages.release.xcconfig */ = {isa = PBXFileReference; includeInIndex = 1; lastKnownFileType = text.xcconfig; name = "Pods-iMessages.release.xcconfig"; path = "Pods/Target Support Files/Pods-iMessages/Pods-iMessages.release.xcconfig"; sourceTree = "<group>"; };
/* End PBXFileReference section */

/* Begin PBXFrameworksBuildPhase section */
		830644C7201F16FC006ECCD5 /* Frameworks */ = {
			isa = PBXFrameworksBuildPhase;
			buildActionMask = 2147483647;
			files = (
				AC1029155B600B4AAB8EAA9D /* Pods_iMessages.framework in Frameworks */,
			);
			runOnlyForDeploymentPostprocessing = 0;
		};
/* End PBXFrameworksBuildPhase section */

/* Begin PBXGroup section */
		08F6066ED3BF27D12EE2E5DB /* Pods */ = {
			isa = PBXGroup;
			children = (
				694E283C9C7271982ACFC015 /* Pods-iMessages.debug.xcconfig */,
				C28499873DE8B02C3A134980 /* Pods-iMessages.release.xcconfig */,
			);
			name = Pods;
			sourceTree = "<group>";
		};
		830644C1201F16FC006ECCD5 = {
			isa = PBXGroup;
			children = (
				83D908D2204D8C280099B6D8 /* Localizable.strings */,
				830644CC201F16FC006ECCD5 /* iMessages */,
				830644CB201F16FC006ECCD5 /* Products */,
				08F6066ED3BF27D12EE2E5DB /* Pods */,
				DCCE25F748289763594D5569 /* Frameworks */,
			);
			sourceTree = "<group>";
		};
		830644CB201F16FC006ECCD5 /* Products */ = {
			isa = PBXGroup;
			children = (
				830644CA201F16FC006ECCD5 /* iMessages.app */,
			);
			name = Products;
			sourceTree = "<group>";
		};
		830644CC201F16FC006ECCD5 /* iMessages */ = {
			isa = PBXGroup;
			children = (
				830644CD201F16FC006ECCD5 /* AppDelegate.swift */,
				830644D1201F16FC006ECCD5 /* Main.storyboard */,
				83F6FE4320245AE900D4577B /* ViewController.swift */,
				835F42712021B44B00183785 /* UserTableViewCell.swift */,
				831ABFEE2021985A0009A901 /* ChatViewController.swift */,
				834481CB201F727F00309024 /* UserListTableViewController.swift */,
				835F426B20219B6B00183785 /* AuthenticationManager.swift */,
				834481CD201F7C4900309024 /* UserChat.swift */,
				830644DF201F25BB006ECCD5 /* SingInViewController.swift */,
				83DD049620234CBC00A2FBB8 /* Alert.swift */,
				830644E1201F25C7006ECCD5 /* SingUpViewController.swift */,
				830644D4201F16FC006ECCD5 /* Assets.xcassets */,
				830644D6201F16FC006ECCD5 /* LaunchScreen.storyboard */,
				834481C5201F293F00309024 /* GoogleService-Info.plist */,
				830644D9201F16FC006ECCD5 /* Info.plist */,
			);
			path = iMessages;
			sourceTree = "<group>";
		};
		DCCE25F748289763594D5569 /* Frameworks */ = {
			isa = PBXGroup;
			children = (
				BD880D3B366CD09B0C70B657 /* Pods_iMessages.framework */,
			);
			name = Frameworks;
			sourceTree = "<group>";
		};
/* End PBXGroup section */

/* Begin PBXNativeTarget section */
		830644C9201F16FC006ECCD5 /* iMessages */ = {
			isa = PBXNativeTarget;
			buildConfigurationList = 830644DC201F16FC006ECCD5 /* Build configuration list for PBXNativeTarget "iMessages" */;
			buildPhases = (
				2733904072501B63C25CE379 /* [CP] Check Pods Manifest.lock */,
				830644C6201F16FC006ECCD5 /* Sources */,
				830644C7201F16FC006ECCD5 /* Frameworks */,
				830644C8201F16FC006ECCD5 /* Resources */,
				43EC810721D954869B73D536 /* [CP] Embed Pods Frameworks */,
				01FCAC9C798C9BE6491815AF /* [CP] Copy Pods Resources */,
			);
			buildRules = (
			);
			dependencies = (
			);
			name = iMessages;
			productName = iMessages;
			productReference = 830644CA201F16FC006ECCD5 /* iMessages.app */;
			productType = "com.apple.product-type.application";
		};
/* End PBXNativeTarget section */

/* Begin PBXProject section */
		830644C2201F16FC006ECCD5 /* Project object */ = {
			isa = PBXProject;
			attributes = {
				LastSwiftUpdateCheck = 0920;
				LastUpgradeCheck = 0920;
				ORGANIZATIONNAME = Sirin;
				TargetAttributes = {
					830644C9201F16FC006ECCD5 = {
						CreatedOnToolsVersion = 9.2;
						ProvisioningStyle = Automatic;
					};
				};
			};
			buildConfigurationList = 830644C5201F16FC006ECCD5 /* Build configuration list for PBXProject "iMessages" */;
			compatibilityVersion = "Xcode 8.0";
			developmentRegion = en;
			hasScannedForEncodings = 0;
			knownRegions = (
				en,
				Base,
			);
			mainGroup = 830644C1201F16FC006ECCD5;
			productRefGroup = 830644CB201F16FC006ECCD5 /* Products */;
			projectDirPath = "";
			projectRoot = "";
			targets = (
				830644C9201F16FC006ECCD5 /* iMessages */,
			);
		};
/* End PBXProject section */

/* Begin PBXResourcesBuildPhase section */
		830644C8201F16FC006ECCD5 /* Resources */ = {
			isa = PBXResourcesBuildPhase;
			buildActionMask = 2147483647;
			files = (
				83D908D0204D8C280099B6D8 /* Localizable.strings in Resources */,
				830644D8201F16FC006ECCD5 /* LaunchScreen.storyboard in Resources */,
				834481C6201F293F00309024 /* GoogleService-Info.plist in Resources */,
				830644D5201F16FC006ECCD5 /* Assets.xcassets in Resources */,
				830644D3201F16FC006ECCD5 /* Main.storyboard in Resources */,
			);
			runOnlyForDeploymentPostprocessing = 0;
		};
/* End PBXResourcesBuildPhase section */

/* Begin PBXShellScriptBuildPhase section */
		01FCAC9C798C9BE6491815AF /* [CP] Copy Pods Resources */ = {
			isa = PBXShellScriptBuildPhase;
			buildActionMask = 2147483647;
			files = (
			);
			inputPaths = (
			);
			name = "[CP] Copy Pods Resources";
			outputPaths = (
			);
			runOnlyForDeploymentPostprocessing = 0;
			shellPath = /bin/sh;
			shellScript = "\"${SRCROOT}/Pods/Target Support Files/Pods-iMessages/Pods-iMessages-resources.sh\"\n";
			showEnvVarsInLog = 0;
		};
		2733904072501B63C25CE379 /* [CP] Check Pods Manifest.lock */ = {
			isa = PBXShellScriptBuildPhase;
			buildActionMask = 2147483647;
			files = (
			);
			inputPaths = (
				"${PODS_PODFILE_DIR_PATH}/Podfile.lock",
				"${PODS_ROOT}/Manifest.lock",
			);
			name = "[CP] Check Pods Manifest.lock";
			outputPaths = (
				"$(DERIVED_FILE_DIR)/Pods-iMessages-checkManifestLockResult.txt",
			);
			runOnlyForDeploymentPostprocessing = 0;
			shellPath = /bin/sh;
			shellScript = "diff \"${PODS_PODFILE_DIR_PATH}/Podfile.lock\" \"${PODS_ROOT}/Manifest.lock\" > /dev/null\nif [ $? != 0 ] ; then\n    # print error to STDERR\n    echo \"error: The sandbox is not in sync with the Podfile.lock. Run 'pod install' or update your CocoaPods installation.\" >&2\n    exit 1\nfi\n# This output is used by Xcode 'outputs' to avoid re-running this script phase.\necho \"SUCCESS\" > \"${SCRIPT_OUTPUT_FILE_0}\"\n";
			showEnvVarsInLog = 0;
		};
		43EC810721D954869B73D536 /* [CP] Embed Pods Frameworks */ = {
			isa = PBXShellScriptBuildPhase;
			buildActionMask = 2147483647;
			files = (
			);
			inputPaths = (
				"${SRCROOT}/Pods/Target Support Files/Pods-iMessages/Pods-iMessages-frameworks.sh",
				"${BUILT_PRODUCTS_DIR}/Flurry-iOS-SDK/Flurry_iOS_SDK.framework",
				"${BUILT_PRODUCTS_DIR}/GTMSessionFetcher/GTMSessionFetcher.framework",
				"${BUILT_PRODUCTS_DIR}/GoogleToolboxForMac/GoogleToolboxForMac.framework",
				"${BUILT_PRODUCTS_DIR}/GradientLoadingBar/GradientLoadingBar.framework",
				"${BUILT_PRODUCTS_DIR}/JSQMessagesViewController/JSQMessagesViewController.framework",
				"${BUILT_PRODUCTS_DIR}/JSQSystemSoundPlayer/JSQSystemSoundPlayer.framework",
				"${BUILT_PRODUCTS_DIR}/leveldb-library/leveldb.framework",
				"${BUILT_PRODUCTS_DIR}/nanopb/nanopb.framework",
			);
			name = "[CP] Embed Pods Frameworks";
			outputPaths = (
				"${TARGET_BUILD_DIR}/${FRAMEWORKS_FOLDER_PATH}/Flurry_iOS_SDK.framework",
				"${TARGET_BUILD_DIR}/${FRAMEWORKS_FOLDER_PATH}/GTMSessionFetcher.framework",
				"${TARGET_BUILD_DIR}/${FRAMEWORKS_FOLDER_PATH}/GoogleToolboxForMac.framework",
				"${TARGET_BUILD_DIR}/${FRAMEWORKS_FOLDER_PATH}/GradientLoadingBar.framework",
				"${TARGET_BUILD_DIR}/${FRAMEWORKS_FOLDER_PATH}/JSQMessagesViewController.framework",
				"${TARGET_BUILD_DIR}/${FRAMEWORKS_FOLDER_PATH}/JSQSystemSoundPlayer.framework",
				"${TARGET_BUILD_DIR}/${FRAMEWORKS_FOLDER_PATH}/leveldb.framework",
				"${TARGET_BUILD_DIR}/${FRAMEWORKS_FOLDER_PATH}/nanopb.framework",
			);
			runOnlyForDeploymentPostprocessing = 0;
			shellPath = /bin/sh;
			shellScript = "\"${SRCROOT}/Pods/Target Support Files/Pods-iMessages/Pods-iMessages-frameworks.sh\"\n";
			showEnvVarsInLog = 0;
		};
/* End PBXShellScriptBuildPhase section */

/* Begin PBXSourcesBuildPhase section */
		830644C6201F16FC006ECCD5 /* Sources */ = {
			isa = PBXSourcesBuildPhase;
			buildActionMask = 2147483647;
			files = (
				83F6FE4420245AE900D4577B /* ViewController.swift in Sources */,
				83DD049720234CBC00A2FBB8 /* Alert.swift in Sources */,
				834481CC201F727F00309024 /* UserListTableViewController.swift in Sources */,
				835F426C20219B6B00183785 /* AuthenticationManager.swift in Sources */,
				830644E0201F25BB006ECCD5 /* SingInViewController.swift in Sources */,
				831ABFEF2021985A0009A901 /* ChatViewController.swift in Sources */,
				835F42722021B44B00183785 /* UserTableViewCell.swift in Sources */,
				830644E2201F25C7006ECCD5 /* SingUpViewController.swift in Sources */,
				830644CE201F16FC006ECCD5 /* AppDelegate.swift in Sources */,
				834481CE201F7C4900309024 /* UserChat.swift in Sources */,
			);
			runOnlyForDeploymentPostprocessing = 0;
		};
/* End PBXSourcesBuildPhase section */

/* Begin PBXVariantGroup section */
		830644D1201F16FC006ECCD5 /* Main.storyboard */ = {
			isa = PBXVariantGroup;
			children = (
				830644D2201F16FC006ECCD5 /* Base */,
				836A3E6A204D7E8F008B04A9 /* ru */,
			);
			name = Main.storyboard;
			sourceTree = "<group>";
		};
		830644D6201F16FC006ECCD5 /* LaunchScreen.storyboard */ = {
			isa = PBXVariantGroup;
			children = (
				830644D7201F16FC006ECCD5 /* Base */,
				836A3E6B204D7E8F008B04A9 /* ru */,
			);
			name = LaunchScreen.storyboard;
			sourceTree = "<group>";
		};
		83D908D2204D8C280099B6D8 /* Localizable.strings */ = {
			isa = PBXVariantGroup;
			children = (
				83D908D1204D8C280099B6D8 /* ru */,
				83D908D3204D8C2B0099B6D8 /* en */,
			);
			name = Localizable.strings;
			sourceTree = "<group>";
		};
/* End PBXVariantGroup section */

/* Begin XCBuildConfiguration section */
		830644DA201F16FC006ECCD5 /* Debug */ = {
			isa = XCBuildConfiguration;
			buildSettings = {
				ALWAYS_SEARCH_USER_PATHS = NO;
				CLANG_ANALYZER_LOCALIZABILITY_NONLOCALIZED = YES;
				CLANG_ANALYZER_NONNULL = YES;
				CLANG_ANALYZER_NUMBER_OBJECT_CONVERSION = YES_AGGRESSIVE;
				CLANG_CXX_LANGUAGE_STANDARD = "gnu++14";
				CLANG_CXX_LIBRARY = "libc++";
				CLANG_ENABLE_MODULES = YES;
				CLANG_ENABLE_OBJC_ARC = YES;
				CLANG_WARN_BLOCK_CAPTURE_AUTORELEASING = YES;
				CLANG_WARN_BOOL_CONVERSION = YES;
				CLANG_WARN_COMMA = YES;
				CLANG_WARN_CONSTANT_CONVERSION = YES;
				CLANG_WARN_DIRECT_OBJC_ISA_USAGE = YES_ERROR;
				CLANG_WARN_DOCUMENTATION_COMMENTS = YES;
				CLANG_WARN_EMPTY_BODY = YES;
				CLANG_WARN_ENUM_CONVERSION = YES;
				CLANG_WARN_INFINITE_RECURSION = YES;
				CLANG_WARN_INT_CONVERSION = YES;
				CLANG_WARN_NON_LITERAL_NULL_CONVERSION = YES;
				CLANG_WARN_OBJC_LITERAL_CONVERSION = YES;
				CLANG_WARN_OBJC_ROOT_CLASS = YES_ERROR;
				CLANG_WARN_RANGE_LOOP_ANALYSIS = YES;
				CLANG_WARN_STRICT_PROTOTYPES = YES;
				CLANG_WARN_SUSPICIOUS_MOVE = YES;
				CLANG_WARN_UNGUARDED_AVAILABILITY = YES_AGGRESSIVE;
				CLANG_WARN_UNREACHABLE_CODE = YES;
				CLANG_WARN__DUPLICATE_METHOD_MATCH = YES;
				CODE_SIGN_IDENTITY = "iPhone Developer";
				COPY_PHASE_STRIP = NO;
				DEBUG_INFORMATION_FORMAT = dwarf;
				ENABLE_STRICT_OBJC_MSGSEND = YES;
				ENABLE_TESTABILITY = YES;
				GCC_C_LANGUAGE_STANDARD = gnu11;
				GCC_DYNAMIC_NO_PIC = NO;
				GCC_NO_COMMON_BLOCKS = YES;
				GCC_OPTIMIZATION_LEVEL = 0;
				GCC_PREPROCESSOR_DEFINITIONS = (
					"DEBUG=1",
					"$(inherited)",
				);
				GCC_WARN_64_TO_32_BIT_CONVERSION = YES;
				GCC_WARN_ABOUT_RETURN_TYPE = YES_ERROR;
				GCC_WARN_UNDECLARED_SELECTOR = YES;
				GCC_WARN_UNINITIALIZED_AUTOS = YES_AGGRESSIVE;
				GCC_WARN_UNUSED_FUNCTION = YES;
				GCC_WARN_UNUSED_VARIABLE = YES;
				IPHONEOS_DEPLOYMENT_TARGET = 11.2;
				MTL_ENABLE_DEBUG_INFO = YES;
				ONLY_ACTIVE_ARCH = YES;
				SDKROOT = iphoneos;
				SWIFT_ACTIVE_COMPILATION_CONDITIONS = DEBUG;
				SWIFT_OPTIMIZATION_LEVEL = "-Onone";
			};
			name = Debug;
		};
		830644DB201F16FC006ECCD5 /* Release */ = {
			isa = XCBuildConfiguration;
			buildSettings = {
				ALWAYS_SEARCH_USER_PATHS = NO;
				CLANG_ANALYZER_LOCALIZABILITY_NONLOCALIZED = YES;
				CLANG_ANALYZER_NONNULL = YES;
				CLANG_ANALYZER_NUMBER_OBJECT_CONVERSION = YES_AGGRESSIVE;
				CLANG_CXX_LANGUAGE_STANDARD = "gnu++14";
				CLANG_CXX_LIBRARY = "libc++";
				CLANG_ENABLE_MODULES = YES;
				CLANG_ENABLE_OBJC_ARC = YES;
				CLANG_WARN_BLOCK_CAPTURE_AUTORELEASING = YES;
				CLANG_WARN_BOOL_CONVERSION = YES;
				CLANG_WARN_COMMA = YES;
				CLANG_WARN_CONSTANT_CONVERSION = YES;
				CLANG_WARN_DIRECT_OBJC_ISA_USAGE = YES_ERROR;
				CLANG_WARN_DOCUMENTATION_COMMENTS = YES;
				CLANG_WARN_EMPTY_BODY = YES;
				CLANG_WARN_ENUM_CONVERSION = YES;
				CLANG_WARN_INFINITE_RECURSION = YES;
				CLANG_WARN_INT_CONVERSION = YES;
				CLANG_WARN_NON_LITERAL_NULL_CONVERSION = YES;
				CLANG_WARN_OBJC_LITERAL_CONVERSION = YES;
				CLANG_WARN_OBJC_ROOT_CLASS = YES_ERROR;
				CLANG_WARN_RANGE_LOOP_ANALYSIS = YES;
				CLANG_WARN_STRICT_PROTOTYPES = YES;
				CLANG_WARN_SUSPICIOUS_MOVE = YES;
				CLANG_WARN_UNGUARDED_AVAILABILITY = YES_AGGRESSIVE;
				CLANG_WARN_UNREACHABLE_CODE = YES;
				CLANG_WARN__DUPLICATE_METHOD_MATCH = YES;
				CODE_SIGN_IDENTITY = "iPhone Developer";
				COPY_PHASE_STRIP = NO;
				DEBUG_INFORMATION_FORMAT = "dwarf-with-dsym";
				ENABLE_NS_ASSERTIONS = NO;
				ENABLE_STRICT_OBJC_MSGSEND = YES;
				GCC_C_LANGUAGE_STANDARD = gnu11;
				GCC_NO_COMMON_BLOCKS = YES;
				GCC_WARN_64_TO_32_BIT_CONVERSION = YES;
				GCC_WARN_ABOUT_RETURN_TYPE = YES_ERROR;
				GCC_WARN_UNDECLARED_SELECTOR = YES;
				GCC_WARN_UNINITIALIZED_AUTOS = YES_AGGRESSIVE;
				GCC_WARN_UNUSED_FUNCTION = YES;
				GCC_WARN_UNUSED_VARIABLE = YES;
				IPHONEOS_DEPLOYMENT_TARGET = 11.2;
				MTL_ENABLE_DEBUG_INFO = NO;
				SDKROOT = iphoneos;
				SWIFT_OPTIMIZATION_LEVEL = "-Owholemodule";
				VALIDATE_PRODUCT = YES;
			};
			name = Release;
		};
		830644DD201F16FC006ECCD5 /* Debug */ = {
			isa = XCBuildConfiguration;
			baseConfigurationReference = 694E283C9C7271982ACFC015 /* Pods-iMessages.debug.xcconfig */;
			buildSettings = {
				ASSETCATALOG_COMPILER_APPICON_NAME = AppIcon;
				CODE_SIGN_STYLE = Automatic;
				DEVELOPMENT_TEAM = 5S5B6W9P2F;
				INFOPLIST_FILE = iMessages/Info.plist;
				LD_RUNPATH_SEARCH_PATHS = "$(inherited) @executable_path/Frameworks";
				PRODUCT_BUNDLE_IDENTIFIER = com.dinara.iMessages;
				PRODUCT_NAME = "$(TARGET_NAME)";
				SWIFT_VERSION = 4.0;
				TARGETED_DEVICE_FAMILY = "1,2";
			};
			name = Debug;
		};
		830644DE201F16FC006ECCD5 /* Release */ = {
			isa = XCBuildConfiguration;
			baseConfigurationReference = C28499873DE8B02C3A134980 /* Pods-iMessages.release.xcconfig */;
			buildSettings = {
				ASSETCATALOG_COMPILER_APPICON_NAME = AppIcon;
				CODE_SIGN_STYLE = Automatic;
				DEVELOPMENT_TEAM = 5S5B6W9P2F;
				INFOPLIST_FILE = iMessages/Info.plist;
				LD_RUNPATH_SEARCH_PATHS = "$(inherited) @executable_path/Frameworks";
				PRODUCT_BUNDLE_IDENTIFIER = com.dinara.iMessages;
				PRODUCT_NAME = "$(TARGET_NAME)";
				SWIFT_VERSION = 4.0;
				TARGETED_DEVICE_FAMILY = "1,2";
			};
			name = Release;
		};
/* End XCBuildConfiguration section */

/* Begin XCConfigurationList section */
		830644C5201F16FC006ECCD5 /* Build configuration list for PBXProject "iMessages" */ = {
			isa = XCConfigurationList;
			buildConfigurations = (
				830644DA201F16FC006ECCD5 /* Debug */,
				830644DB201F16FC006ECCD5 /* Release */,
			);
			defaultConfigurationIsVisible = 0;
			defaultConfigurationName = Release;
		};
		830644DC201F16FC006ECCD5 /* Build configuration list for PBXNativeTarget "iMessages" */ = {
			isa = XCConfigurationList;
			buildConfigurations = (
				830644DD201F16FC006ECCD5 /* Debug */,
				830644DE201F16FC006ECCD5 /* Release */,
			);
			defaultConfigurationIsVisible = 0;
			defaultConfigurationName = Release;
		};
/* End XCConfigurationList section */
	};
	rootObject = 830644C2201F16FC006ECCD5 /* Project object */;
}
